
Microsoft Visual Studio Solution File, Format Version 12.00
# Visual Studio Version 17
VisualStudioVersion = 17.0.31903.59
MinimumVisualStudioVersion = 10.0.40219.1
Project("{2150E333-8FDC-42A3-9474-1A3956D46DE8}") = "src", "src", "{647D2A85-DB45-4B0A-AADB-DA3EE91B2AD4}"
EndProject
Project("{FAE04EC0-301F-11D3-BF4B-00C04F79EFBC}") = "Romanly", "src\Romanly\Romanly.csproj", "{030F009B-0936-4452-9600-6C1C3BB511C7}"
EndProject
Project("{2150E333-8FDC-42A3-9474-1A3956D46DE8}") = "tests", "tests", "{D6DFE005-66D4-431F-B12D-E9219DADAD38}"
EndProject
Project("{FAE04EC0-301F-11D3-BF4B-00C04F79EFBC}") = "Tests", "tests\Tests\Tests.csproj", "{F43304EB-1699-4F44-BBA5-FC42EE122C21}"
EndProject
Project("{FAE04EC0-301F-11D3-BF4B-00C04F79EFBC}") = "Benchmark", "tests\Benchmark\Benchmark.csproj", "{717CAC32-9148-410F-A511-7A987FF901F5}"
EndProject
Global
	GlobalSection(SolutionConfigurationPlatforms) = preSolution
		Debug|Any CPU = Debug|Any CPU
		Release|Any CPU = Release|Any CPU
	EndGlobalSection
	GlobalSection(SolutionProperties) = preSolution
		HideSolutionNode = FALSE
	EndGlobalSection
	GlobalSection(ProjectConfigurationPlatforms) = postSolution
		{030F009B-0936-4452-9600-6C1C3BB511C7}.Debug|Any CPU.ActiveCfg = Debug|Any CPU
		{030F009B-0936-4452-9600-6C1C3BB511C7}.Debug|Any CPU.Build.0 = Debug|Any CPU
		{030F009B-0936-4452-9600-6C1C3BB511C7}.Release|Any CPU.ActiveCfg = Release|Any CPU
		{030F009B-0936-4452-9600-6C1C3BB511C7}.Release|Any CPU.Build.0 = Release|Any CPU
		{F43304EB-1699-4F44-BBA5-FC42EE122C21}.Debug|Any CPU.ActiveCfg = Debug|Any CPU
		{F43304EB-1699-4F44-BBA5-FC42EE122C21}.Debug|Any CPU.Build.0 = Debug|Any CPU
		{F43304EB-1699-4F44-BBA5-FC42EE122C21}.Release|Any CPU.ActiveCfg = Release|Any CPU
		{F43304EB-1699-4F44-BBA5-FC42EE122C21}.Release|Any CPU.Build.0 = Release|Any CPU
		{717CAC32-9148-410F-A511-7A987FF901F5}.Debug|Any CPU.ActiveCfg = Debug|Any CPU
		{717CAC32-9148-410F-A511-7A987FF901F5}.Debug|Any CPU.Build.0 = Debug|Any CPU
		{717CAC32-9148-410F-A511-7A987FF901F5}.Release|Any CPU.ActiveCfg = Release|Any CPU
		{717CAC32-9148-410F-A511-7A987FF901F5}.Release|Any CPU.Build.0 = Release|Any CPU
	EndGlobalSection
	GlobalSection(NestedProjects) = preSolution
		{030F009B-0936-4452-9600-6C1C3BB511C7} = {647D2A85-DB45-4B0A-AADB-DA3EE91B2AD4}
		{F43304EB-1699-4F44-BBA5-FC42EE122C21} = {D6DFE005-66D4-431F-B12D-E9219DADAD38}
		{717CAC32-9148-410F-A511-7A987FF901F5} = {D6DFE005-66D4-431F-B12D-E9219DADAD38}
	EndGlobalSection
EndGlobal
